
Microsoft Visual Studio Solution File, Format Version 12.00
# Visual Studio 15
VisualStudioVersion = 15.0.27703.2042
MinimumVisualStudioVersion = 10.0.40219.1
Project("{FAE04EC0-301F-11D3-BF4B-00C04F79EFBC}") = "WebApiDemo", "WebApiDemo\WebApiDemo.csproj", "{6E422594-3A23-46BF-9F59-578B5FFE4B71}"
EndProject
Global
	GlobalSection(SolutionConfigurationPlatforms) = preSolution
		Debug|Any CPU = Debug|Any CPU
		Release|Any CPU = Release|Any CPU
	EndGlobalSection
	GlobalSection(ProjectConfigurationPlatforms) = postSolution
		{6E422594-3A23-46BF-9F59-578B5FFE4B71}.Debug|Any CPU.ActiveCfg = Debug|Any CPU
		{6E422594-3A23-46BF-9F59-578B5FFE4B71}.Debug|Any CPU.Build.0 = Debug|Any CPU
		{6E422594-3A23-46BF-9F59-578B5FFE4B71}.Release|Any CPU.ActiveCfg = Release|Any CPU
		{6E422594-3A23-46BF-9F59-578B5FFE4B71}.Release|Any CPU.Build.0 = Release|Any CPU
	EndGlobalSection
	GlobalSection(SolutionProperties) = preSolution
		HideSolutionNode = FALSE
	EndGlobalSection
	GlobalSection(ExtensibilityGlobals) = postSolution
		SolutionGuid = {5DD953AD-4110-4EC1-8947-43383FDC604D}
	EndGlobalSection
EndGlobal
